
Microsoft Visual Studio Solution File, Format Version 12.00
# Visual Studio 15
VisualStudioVersion = 15.0.27428.2043
MinimumVisualStudioVersion = 10.0.40219.1
Project("{FAE04EC0-301F-11D3-BF4B-00C04F79EFBC}") = "WPF_EF_Rebbit_MSTest_Moq", "WPF_EF_Rebbit_MSTest_Moq\WPF_EF_Rebbit_MSTest_Moq.csproj", "{4B798AC4-40DA-4EC5-B9D6-E32BD582F5AD}"
EndProject
Global
	GlobalSection(SolutionConfigurationPlatforms) = preSolution
		Debug|Any CPU = Debug|Any CPU
		Release|Any CPU = Release|Any CPU
	EndGlobalSection
	GlobalSection(ProjectConfigurationPlatforms) = postSolution
		{4B798AC4-40DA-4EC5-B9D6-E32BD582F5AD}.Debug|Any CPU.ActiveCfg = Debug|Any CPU
		{4B798AC4-40DA-4EC5-B9D6-E32BD582F5AD}.Debug|Any CPU.Build.0 = Debug|Any CPU
		{4B798AC4-40DA-4EC5-B9D6-E32BD582F5AD}.Release|Any CPU.ActiveCfg = Release|Any CPU
		{4B798AC4-40DA-4EC5-B9D6-E32BD582F5AD}.Release|Any CPU.Build.0 = Release|Any CPU
	EndGlobalSection
	GlobalSection(SolutionProperties) = preSolution
		HideSolutionNode = FALSE
	EndGlobalSection
	GlobalSection(ExtensibilityGlobals) = postSolution
		SolutionGuid = {614C01C8-5FFD-499E-9076-AC5D4DB42FEF}
	EndGlobalSection
EndGlobal
